// !$*UTF8*$!
{
	archiveVersion = 1;
	classes = {
	};
	objectVersion = 50;
	objects = {

/* Begin PBXBuildFile section */
		3531270AC5993AD0248C724A /* libPods-NENSlideMenuDemoTests.a in Frameworks */ = {isa = PBXBuildFile; fileRef = 103E6B3578598BECF1A9C402 /* libPods-NENSlideMenuDemoTests.a */; };
		63C06B8B861878D429AD6A30 /* libPods-NENSlideMenuDemo.a in Frameworks */ = {isa = PBXBuildFile; fileRef = 39ACF00A9B425D01230404F1 /* libPods-NENSlideMenuDemo.a */; };
		7E6E04CB213E856E00276101 /* AppDelegate.m in Sources */ = {isa = PBXBuildFile; fileRef = 7E6E04CA213E856E00276101 /* AppDelegate.m */; };
		7E6E04CE213E856E00276101 /* ViewController.m in Sources */ = {isa = PBXBuildFile; fileRef = 7E6E04CD213E856E00276101 /* ViewController.m */; };
		7E6E04D1213E856E00276101 /* Main.storyboard in Resources */ = {isa = PBXBuildFile; fileRef = 7E6E04CF213E856E00276101 /* Main.storyboard */; };
		7E6E04D3213E856E00276101 /* Assets.xcassets in Resources */ = {isa = PBXBuildFile; fileRef = 7E6E04D2213E856E00276101 /* Assets.xcassets */; };
		7E6E04D6213E856E00276101 /* LaunchScreen.storyboard in Resources */ = {isa = PBXBuildFile; fileRef = 7E6E04D4213E856E00276101 /* LaunchScreen.storyboard */; };
		7E6E04D9213E856E00276101 /* main.m in Sources */ = {isa = PBXBuildFile; fileRef = 7E6E04D8213E856E00276101 /* main.m */; };
		7E6E04E3213E856F00276101 /* NENSlideMenuDemoTests.m in Sources */ = {isa = PBXBuildFile; fileRef = 7E6E04E2213E856F00276101 /* NENSlideMenuDemoTests.m */; };
		7E6E04EE213E856F00276101 /* NENSlideMenuDemoUITests.m in Sources */ = {isa = PBXBuildFile; fileRef = 7E6E04ED213E856F00276101 /* NENSlideMenuDemoUITests.m */; };
		7E6E050D213E85B100276101 /* MenuViewController.m in Sources */ = {isa = PBXBuildFile; fileRef = 7E6E050C213E85B100276101 /* MenuViewController.m */; };
		7ECDD82D2151DEB00086B3C1 /* TestViewController.m in Sources */ = {isa = PBXBuildFile; fileRef = 7ECDD82C2151DEB00086B3C1 /* TestViewController.m */; };
		CA39E8E1B059971FD645496E /* libPods-NENSlideMenuDemoUITests.a in Frameworks */ = {isa = PBXBuildFile; fileRef = A9A5D5569A55B1C2FFFCDF98 /* libPods-NENSlideMenuDemoUITests.a */; };
/* End PBXBuildFile section */

/* Begin PBXContainerItemProxy section */
		7E6E04DF213E856F00276101 /* PBXContainerItemProxy */ = {
			isa = PBXContainerItemProxy;
			containerPortal = 7E6E04BE213E856E00276101 /* Project object */;
			proxyType = 1;
			remoteGlobalIDString = 7E6E04C5213E856E00276101;
			remoteInfo = NENSlideMenuDemo;
		};
		7E6E04EA213E856F00276101 /* PBXContainerItemProxy */ = {
			isa = PBXContainerItemProxy;
			containerPortal = 7E6E04BE213E856E00276101 /* Project object */;
			proxyType = 1;
			remoteGlobalIDString = 7E6E04C5213E856E00276101;
			remoteInfo = NENSlideMenuDemo;
		};
/* End PBXContainerItemProxy section */

/* Begin PBXFileReference section */
		0B2598FAB9DC47D23FE8BEC7 /* Pods-NENSlideMenuDemoTests.release.xcconfig */ = {isa = PBXFileReference; includeInIndex = 1; lastKnownFileType = text.xcconfig; name = "Pods-NENSlideMenuDemoTests.release.xcconfig"; path = "Pods/Target Support Files/Pods-NENSlideMenuDemoTests/Pods-NENSlideMenuDemoTests.release.xcconfig"; sourceTree = "<group>"; };
		103E6B3578598BECF1A9C402 /* libPods-NENSlideMenuDemoTests.a */ = {isa = PBXFileReference; explicitFileType = archive.ar; includeInIndex = 0; path = "libPods-NENSlideMenuDemoTests.a"; sourceTree = BUILT_PRODUCTS_DIR; };
		39ACF00A9B425D01230404F1 /* libPods-NENSlideMenuDemo.a */ = {isa = PBXFileReference; explicitFileType = archive.ar; includeInIndex = 0; path = "libPods-NENSlideMenuDemo.a"; sourceTree = BUILT_PRODUCTS_DIR; };
		660736DDEBB59637D6FDE744 /* Pods-NENSlideMenuDemo.release.xcconfig */ = {isa = PBXFileReference; includeInIndex = 1; lastKnownFileType = text.xcconfig; name = "Pods-NENSlideMenuDemo.release.xcconfig"; path = "Pods/Target Support Files/Pods-NENSlideMenuDemo/Pods-NENSlideMenuDemo.release.xcconfig"; sourceTree = "<group>"; };
		6FE4302FD7EB531334C2B0A5 /* Pods-NENSlideMenuDemoUITests.release.xcconfig */ = {isa = PBXFileReference; includeInIndex = 1; lastKnownFileType = text.xcconfig; name = "Pods-NENSlideMenuDemoUITests.release.xcconfig"; path = "Pods/Target Support Files/Pods-NENSlideMenuDemoUITests/Pods-NENSlideMenuDemoUITests.release.xcconfig"; sourceTree = "<group>"; };
		7E6E04C6213E856E00276101 /* NENSlideMenuDemo.app */ = {isa = PBXFileReference; explicitFileType = wrapper.application; includeInIndex = 0; path = NENSlideMenuDemo.app; sourceTree = BUILT_PRODUCTS_DIR; };
		7E6E04C9213E856E00276101 /* AppDelegate.h */ = {isa = PBXFileReference; lastKnownFileType = sourcecode.c.h; path = AppDelegate.h; sourceTree = "<group>"; };
		7E6E04CA213E856E00276101 /* AppDelegate.m */ = {isa = PBXFileReference; lastKnownFileType = sourcecode.c.objc; path = AppDelegate.m; sourceTree = "<group>"; };
		7E6E04CC213E856E00276101 /* ViewController.h */ = {isa = PBXFileReference; lastKnownFileType = sourcecode.c.h; path = ViewController.h; sourceTree = "<group>"; };
		7E6E04CD213E856E00276101 /* ViewController.m */ = {isa = PBXFileReference; lastKnownFileType = sourcecode.c.objc; path = ViewController.m; sourceTree = "<group>"; };
		7E6E04D0213E856E00276101 /* Base */ = {isa = PBXFileReference; lastKnownFileType = file.storyboard; name = Base; path = Base.lproj/Main.storyboard; sourceTree = "<group>"; };
		7E6E04D2213E856E00276101 /* Assets.xcassets */ = {isa = PBXFileReference; lastKnownFileType = folder.assetcatalog; path = Assets.xcassets; sourceTree = "<group>"; };
		7E6E04D5213E856E00276101 /* Base */ = {isa = PBXFileReference; lastKnownFileType = file.storyboard; name = Base; path = Base.lproj/LaunchScreen.storyboard; sourceTree = "<group>"; };
		7E6E04D7213E856E00276101 /* Info.plist */ = {isa = PBXFileReference; lastKnownFileType = text.plist.xml; path = Info.plist; sourceTree = "<group>"; };
		7E6E04D8213E856E00276101 /* main.m */ = {isa = PBXFileReference; lastKnownFileType = sourcecode.c.objc; path = main.m; sourceTree = "<group>"; };
		7E6E04DE213E856F00276101 /* NENSlideMenuDemoTests.xctest */ = {isa = PBXFileReference; explicitFileType = wrapper.cfbundle; includeInIndex = 0; path = NENSlideMenuDemoTests.xctest; sourceTree = BUILT_PRODUCTS_DIR; };
		7E6E04E2213E856F00276101 /* NENSlideMenuDemoTests.m */ = {isa = PBXFileReference; lastKnownFileType = sourcecode.c.objc; path = NENSlideMenuDemoTests.m; sourceTree = "<group>"; };
		7E6E04E4213E856F00276101 /* Info.plist */ = {isa = PBXFileReference; lastKnownFileType = text.plist.xml; path = Info.plist; sourceTree = "<group>"; };
		7E6E04E9213E856F00276101 /* NENSlideMenuDemoUITests.xctest */ = {isa = PBXFileReference; explicitFileType = wrapper.cfbundle; includeInIndex = 0; path = NENSlideMenuDemoUITests.xctest; sourceTree = BUILT_PRODUCTS_DIR; };
		7E6E04ED213E856F00276101 /* NENSlideMenuDemoUITests.m */ = {isa = PBXFileReference; lastKnownFileType = sourcecode.c.objc; path = NENSlideMenuDemoUITests.m; sourceTree = "<group>"; };
		7E6E04EF213E856F00276101 /* Info.plist */ = {isa = PBXFileReference; lastKnownFileType = text.plist.xml; path = Info.plist; sourceTree = "<group>"; };
		7E6E050B213E85B100276101 /* MenuViewController.h */ = {isa = PBXFileReference; lastKnownFileType = sourcecode.c.h; path = MenuViewController.h; sourceTree = "<group>"; };
		7E6E050C213E85B100276101 /* MenuViewController.m */ = {isa = PBXFileReference; lastKnownFileType = sourcecode.c.objc; path = MenuViewController.m; sourceTree = "<group>"; };
		7ECDD82B2151DEB00086B3C1 /* TestViewController.h */ = {isa = PBXFileReference; lastKnownFileType = sourcecode.c.h; path = TestViewController.h; sourceTree = "<group>"; };
		7ECDD82C2151DEB00086B3C1 /* TestViewController.m */ = {isa = PBXFileReference; lastKnownFileType = sourcecode.c.objc; path = TestViewController.m; sourceTree = "<group>"; };
		828046A6480DBD9EB42D3B8F /* Pods-NENSlideMenuDemoUITests.debug.xcconfig */ = {isa = PBXFileReference; includeInIndex = 1; lastKnownFileType = text.xcconfig; name = "Pods-NENSlideMenuDemoUITests.debug.xcconfig"; path = "Pods/Target Support Files/Pods-NENSlideMenuDemoUITests/Pods-NENSlideMenuDemoUITests.debug.xcconfig"; sourceTree = "<group>"; };
		A9A5D5569A55B1C2FFFCDF98 /* libPods-NENSlideMenuDemoUITests.a */ = {isa = PBXFileReference; explicitFileType = archive.ar; includeInIndex = 0; path = "libPods-NENSlideMenuDemoUITests.a"; sourceTree = BUILT_PRODUCTS_DIR; };
		D3B32C20CF6016A60887B1E9 /* Pods-NENSlideMenuDemo.debug.xcconfig */ = {isa = PBXFileReference; includeInIndex = 1; lastKnownFileType = text.xcconfig; name = "Pods-NENSlideMenuDemo.debug.xcconfig"; path = "Pods/Target Support Files/Pods-NENSlideMenuDemo/Pods-NENSlideMenuDemo.debug.xcconfig"; sourceTree = "<group>"; };
		DCCD118DC188D8F1DD4810B4 /* Pods-NENSlideMenuDemoTests.debug.xcconfig */ = {isa = PBXFileReference; includeInIndex = 1; lastKnownFileType = text.xcconfig; name = "Pods-NENSlideMenuDemoTests.debug.xcconfig"; path = "Pods/Target Support Files/Pods-NENSlideMenuDemoTests/Pods-NENSlideMenuDemoTests.debug.xcconfig"; sourceTree = "<group>"; };
/* End PBXFileReference section */

/* Begin PBXFrameworksBuildPhase section */
		7E6E04C3213E856E00276101 /* Frameworks */ = {
			isa = PBXFrameworksBuildPhase;
			buildActionMask = 2147483647;
			files = (
				63C06B8B861878D429AD6A30 /* libPods-NENSlideMenuDemo.a in Frameworks */,
			);
			runOnlyForDeploymentPostprocessing = 0;
		};
		7E6E04DB213E856F00276101 /* Frameworks */ = {
			isa = PBXFrameworksBuildPhase;
			buildActionMask = 2147483647;
			files = (
				3531270AC5993AD0248C724A /* libPods-NENSlideMenuDemoTests.a in Frameworks */,
			);
			runOnlyForDeploymentPostprocessing = 0;
		};
		7E6E04E6213E856F00276101 /* Frameworks */ = {
			isa = PBXFrameworksBuildPhase;
			buildActionMask = 2147483647;
			files = (
				CA39E8E1B059971FD645496E /* libPods-NENSlideMenuDemoUITests.a in Frameworks */,
			);
			runOnlyForDeploymentPostprocessing = 0;
		};
/* End PBXFrameworksBuildPhase section */

/* Begin PBXGroup section */
		73B600246D8A59CCF46B1913 /* Pods */ = {
			isa = PBXGroup;
			children = (
				D3B32C20CF6016A60887B1E9 /* Pods-NENSlideMenuDemo.debug.xcconfig */,
				660736DDEBB59637D6FDE744 /* Pods-NENSlideMenuDemo.release.xcconfig */,
				DCCD118DC188D8F1DD4810B4 /* Pods-NENSlideMenuDemoTests.debug.xcconfig */,
				0B2598FAB9DC47D23FE8BEC7 /* Pods-NENSlideMenuDemoTests.release.xcconfig */,
				828046A6480DBD9EB42D3B8F /* Pods-NENSlideMenuDemoUITests.debug.xcconfig */,
				6FE4302FD7EB531334C2B0A5 /* Pods-NENSlideMenuDemoUITests.release.xcconfig */,
			);
			name = Pods;
			sourceTree = "<group>";
		};
		7E6E04BD213E856E00276101 = {
			isa = PBXGroup;
			children = (
				7E6E04C8213E856E00276101 /* NENSlideMenuDemo */,
				7E6E04E1213E856F00276101 /* NENSlideMenuDemoTests */,
				7E6E04EC213E856F00276101 /* NENSlideMenuDemoUITests */,
				7E6E04C7213E856E00276101 /* Products */,
				73B600246D8A59CCF46B1913 /* Pods */,
				7F2D9651DA054E572CF9C52F /* Frameworks */,
			);
			sourceTree = "<group>";
		};
		7E6E04C7213E856E00276101 /* Products */ = {
			isa = PBXGroup;
			children = (
				7E6E04C6213E856E00276101 /* NENSlideMenuDemo.app */,
				7E6E04DE213E856F00276101 /* NENSlideMenuDemoTests.xctest */,
				7E6E04E9213E856F00276101 /* NENSlideMenuDemoUITests.xctest */,
			);
			name = Products;
			sourceTree = "<group>";
		};
		7E6E04C8213E856E00276101 /* NENSlideMenuDemo */ = {
			isa = PBXGroup;
			children = (
				7E6E04C9213E856E00276101 /* AppDelegate.h */,
				7E6E04CA213E856E00276101 /* AppDelegate.m */,
				7E6E04CC213E856E00276101 /* ViewController.h */,
				7E6E04CD213E856E00276101 /* ViewController.m */,
				7E6E050B213E85B100276101 /* MenuViewController.h */,
				7E6E050C213E85B100276101 /* MenuViewController.m */,
				7ECDD82B2151DEB00086B3C1 /* TestViewController.h */,
				7ECDD82C2151DEB00086B3C1 /* TestViewController.m */,
				7E6E04CF213E856E00276101 /* Main.storyboard */,
				7E6E04D2213E856E00276101 /* Assets.xcassets */,
				7E6E04D4213E856E00276101 /* LaunchScreen.storyboard */,
				7E6E04D7213E856E00276101 /* Info.plist */,
				7E6E04D8213E856E00276101 /* main.m */,
			);
			path = NENSlideMenuDemo;
			sourceTree = "<group>";
		};
		7E6E04E1213E856F00276101 /* NENSlideMenuDemoTests */ = {
			isa = PBXGroup;
			children = (
				7E6E04E2213E856F00276101 /* NENSlideMenuDemoTests.m */,
				7E6E04E4213E856F00276101 /* Info.plist */,
			);
			path = NENSlideMenuDemoTests;
			sourceTree = "<group>";
		};
		7E6E04EC213E856F00276101 /* NENSlideMenuDemoUITests */ = {
			isa = PBXGroup;
			children = (
				7E6E04ED213E856F00276101 /* NENSlideMenuDemoUITests.m */,
				7E6E04EF213E856F00276101 /* Info.plist */,
			);
			path = NENSlideMenuDemoUITests;
			sourceTree = "<group>";
		};
		7F2D9651DA054E572CF9C52F /* Frameworks */ = {
			isa = PBXGroup;
			children = (
				39ACF00A9B425D01230404F1 /* libPods-NENSlideMenuDemo.a */,
				103E6B3578598BECF1A9C402 /* libPods-NENSlideMenuDemoTests.a */,
				A9A5D5569A55B1C2FFFCDF98 /* libPods-NENSlideMenuDemoUITests.a */,
			);
			name = Frameworks;
			sourceTree = "<group>";
		};
/* End PBXGroup section */

/* Begin PBXNativeTarget section */
		7E6E04C5213E856E00276101 /* NENSlideMenuDemo */ = {
			isa = PBXNativeTarget;
			buildConfigurationList = 7E6E04F2213E856F00276101 /* Build configuration list for PBXNativeTarget "NENSlideMenuDemo" */;
			buildPhases = (
				7BB416AD42B274B3C966BA19 /* [CP] Check Pods Manifest.lock */,
				7E6E04C2213E856E00276101 /* Sources */,
				7E6E04C3213E856E00276101 /* Frameworks */,
				7E6E04C4213E856E00276101 /* Resources */,
				A169789F5ED10968CD6529FE /* [CP] Embed Pods Frameworks */,
				99DB70ABE2BBD583CC2BCF03 /* [CP] Copy Pods Resources */,
			);
			buildRules = (
			);
			dependencies = (
			);
			name = NENSlideMenuDemo;
			productName = NENSlideMenuDemo;
			productReference = 7E6E04C6213E856E00276101 /* NENSlideMenuDemo.app */;
			productType = "com.apple.product-type.application";
		};
		7E6E04DD213E856F00276101 /* NENSlideMenuDemoTests */ = {
			isa = PBXNativeTarget;
			buildConfigurationList = 7E6E04F5213E856F00276101 /* Build configuration list for PBXNativeTarget "NENSlideMenuDemoTests" */;
			buildPhases = (
				2E50F7452C356B1A6A4EA9D2 /* [CP] Check Pods Manifest.lock */,
				7E6E04DA213E856F00276101 /* Sources */,
				7E6E04DB213E856F00276101 /* Frameworks */,
				7E6E04DC213E856F00276101 /* Resources */,
				D40DCCA66FFBB29751841695 /* [CP] Embed Pods Frameworks */,
				39ADE49C0F3727899FC72E50 /* [CP] Copy Pods Resources */,
			);
			buildRules = (
			);
			dependencies = (
				7E6E04E0213E856F00276101 /* PBXTargetDependency */,
			);
			name = NENSlideMenuDemoTests;
			productName = NENSlideMenuDemoTests;
			productReference = 7E6E04DE213E856F00276101 /* NENSlideMenuDemoTests.xctest */;
			productType = "com.apple.product-type.bundle.unit-test";
		};
		7E6E04E8213E856F00276101 /* NENSlideMenuDemoUITests */ = {
			isa = PBXNativeTarget;
			buildConfigurationList = 7E6E04F8213E856F00276101 /* Build configuration list for PBXNativeTarget "NENSlideMenuDemoUITests" */;
			buildPhases = (
				2594E3B5C70D77AB143CB0DE /* [CP] Check Pods Manifest.lock */,
				7E6E04E5213E856F00276101 /* Sources */,
				7E6E04E6213E856F00276101 /* Frameworks */,
				7E6E04E7213E856F00276101 /* Resources */,
				5AB142195F32CF68C9776F2E /* [CP] Embed Pods Frameworks */,
				7E9D4D8DDBE73025D2D90E79 /* [CP] Copy Pods Resources */,
			);
			buildRules = (
			);
			dependencies = (
				7E6E04EB213E856F00276101 /* PBXTargetDependency */,
			);
			name = NENSlideMenuDemoUITests;
			productName = NENSlideMenuDemoUITests;
			productReference = 7E6E04E9213E856F00276101 /* NENSlideMenuDemoUITests.xctest */;
			productType = "com.apple.product-type.bundle.ui-testing";
		};
/* End PBXNativeTarget section */

/* Begin PBXProject section */
		7E6E04BE213E856E00276101 /* Project object */ = {
			isa = PBXProject;
			attributes = {
				LastUpgradeCheck = 1000;
				ORGANIZATIONNAME = weuse_hao;
				TargetAttributes = {
					7E6E04C5213E856E00276101 = {
						CreatedOnToolsVersion = 10.0;
					};
					7E6E04DD213E856F00276101 = {
						CreatedOnToolsVersion = 10.0;
						TestTargetID = 7E6E04C5213E856E00276101;
					};
					7E6E04E8213E856F00276101 = {
						CreatedOnToolsVersion = 10.0;
						TestTargetID = 7E6E04C5213E856E00276101;
					};
				};
			};
			buildConfigurationList = 7E6E04C1213E856E00276101 /* Build configuration list for PBXProject "NENSlideMenuDemo" */;
			compatibilityVersion = "Xcode 9.3";
			developmentRegion = en;
			hasScannedForEncodings = 0;
			knownRegions = (
				en,
				Base,
			);
			mainGroup = 7E6E04BD213E856E00276101;
			productRefGroup = 7E6E04C7213E856E00276101 /* Products */;
			projectDirPath = "";
			projectRoot = "";
			targets = (
				7E6E04C5213E856E00276101 /* NENSlideMenuDemo */,
				7E6E04DD213E856F00276101 /* NENSlideMenuDemoTests */,
				7E6E04E8213E856F00276101 /* NENSlideMenuDemoUITests */,
			);
		};
/* End PBXProject section */

/* Begin PBXResourcesBuildPhase section */
		7E6E04C4213E856E00276101 /* Resources */ = {
			isa = PBXResourcesBuildPhase;
			buildActionMask = 2147483647;
			files = (
				7E6E04D6213E856E00276101 /* LaunchScreen.storyboard in Resources */,
				7E6E04D3213E856E00276101 /* Assets.xcassets in Resources */,
				7E6E04D1213E856E00276101 /* Main.storyboard in Resources */,
			);
			runOnlyForDeploymentPostprocessing = 0;
		};
		7E6E04DC213E856F00276101 /* Resources */ = {
			isa = PBXResourcesBuildPhase;
			buildActionMask = 2147483647;
			files = (
			);
			runOnlyForDeploymentPostprocessing = 0;
		};
		7E6E04E7213E856F00276101 /* Resources */ = {
			isa = PBXResourcesBuildPhase;
			buildActionMask = 2147483647;
			files = (
			);
			runOnlyForDeploymentPostprocessing = 0;
		};
/* End PBXResourcesBuildPhase section */

/* Begin PBXShellScriptBuildPhase section */
		2594E3B5C70D77AB143CB0DE /* [CP] Check Pods Manifest.lock */ = {
			isa = PBXShellScriptBuildPhase;
			buildActionMask = 2147483647;
			files = (
			);
			inputPaths = (
				"${PODS_PODFILE_DIR_PATH}/Podfile.lock",
				"${PODS_ROOT}/Manifest.lock",
			);
			name = "[CP] Check Pods Manifest.lock";
			outputPaths = (
				"$(DERIVED_FILE_DIR)/Pods-NENSlideMenuDemoUITests-checkManifestLockResult.txt",
			);
			runOnlyForDeploymentPostprocessing = 0;
			shellPath = /bin/sh;
			shellScript = "diff \"${PODS_PODFILE_DIR_PATH}/Podfile.lock\" \"${PODS_ROOT}/Manifest.lock\" > /dev/null\nif [ $? != 0 ] ; then\n    # print error to STDERR\n    echo \"error: The sandbox is not in sync with the Podfile.lock. Run 'pod install' or update your CocoaPods installation.\" >&2\n    exit 1\nfi\n# This output is used by Xcode 'outputs' to avoid re-running this script phase.\necho \"SUCCESS\" > \"${SCRIPT_OUTPUT_FILE_0}\"\n";
			showEnvVarsInLog = 0;
		};
		2E50F7452C356B1A6A4EA9D2 /* [CP] Check Pods Manifest.lock */ = {
			isa = PBXShellScriptBuildPhase;
			buildActionMask = 2147483647;
			files = (
			);
			inputPaths = (
				"${PODS_PODFILE_DIR_PATH}/Podfile.lock",
				"${PODS_ROOT}/Manifest.lock",
			);
			name = "[CP] Check Pods Manifest.lock";
			outputPaths = (
				"$(DERIVED_FILE_DIR)/Pods-NENSlideMenuDemoTests-checkManifestLockResult.txt",
			);
			runOnlyForDeploymentPostprocessing = 0;
			shellPath = /bin/sh;
			shellScript = "diff \"${PODS_PODFILE_DIR_PATH}/Podfile.lock\" \"${PODS_ROOT}/Manifest.lock\" > /dev/null\nif [ $? != 0 ] ; then\n    # print error to STDERR\n    echo \"error: The sandbox is not in sync with the Podfile.lock. Run 'pod install' or update your CocoaPods installation.\" >&2\n    exit 1\nfi\n# This output is used by Xcode 'outputs' to avoid re-running this script phase.\necho \"SUCCESS\" > \"${SCRIPT_OUTPUT_FILE_0}\"\n";
			showEnvVarsInLog = 0;
		};
		39ADE49C0F3727899FC72E50 /* [CP] Copy Pods Resources */ = {
			isa = PBXShellScriptBuildPhase;
			buildActionMask = 2147483647;
			files = (
			);
			inputPaths = (
			);
			name = "[CP] Copy Pods Resources";
			outputPaths = (
			);
			runOnlyForDeploymentPostprocessing = 0;
			shellPath = /bin/sh;
			shellScript = "\"${SRCROOT}/Pods/Target Support Files/Pods-NENSlideMenuDemoTests/Pods-NENSlideMenuDemoTests-resources.sh\"\n";
			showEnvVarsInLog = 0;
		};
		5AB142195F32CF68C9776F2E /* [CP] Embed Pods Frameworks */ = {
			isa = PBXShellScriptBuildPhase;
			buildActionMask = 2147483647;
			files = (
			);
			inputPaths = (
			);
			name = "[CP] Embed Pods Frameworks";
			outputPaths = (
			);
			runOnlyForDeploymentPostprocessing = 0;
			shellPath = /bin/sh;
			shellScript = "\"${SRCROOT}/Pods/Target Support Files/Pods-NENSlideMenuDemoUITests/Pods-NENSlideMenuDemoUITests-frameworks.sh\"\n";
			showEnvVarsInLog = 0;
		};
		7BB416AD42B274B3C966BA19 /* [CP] Check Pods Manifest.lock */ = {
			isa = PBXShellScriptBuildPhase;
			buildActionMask = 2147483647;
			files = (
			);
			inputPaths = (
				"${PODS_PODFILE_DIR_PATH}/Podfile.lock",
				"${PODS_ROOT}/Manifest.lock",
			);
			name = "[CP] Check Pods Manifest.lock";
			outputPaths = (
				"$(DERIVED_FILE_DIR)/Pods-NENSlideMenuDemo-checkManifestLockResult.txt",
			);
			runOnlyForDeploymentPostprocessing = 0;
			shellPath = /bin/sh;
			shellScript = "diff \"${PODS_PODFILE_DIR_PATH}/Podfile.lock\" \"${PODS_ROOT}/Manifest.lock\" > /dev/null\nif [ $? != 0 ] ; then\n    # print error to STDERR\n    echo \"error: The sandbox is not in sync with the Podfile.lock. Run 'pod install' or update your CocoaPods installation.\" >&2\n    exit 1\nfi\n# This output is used by Xcode 'outputs' to avoid re-running this script phase.\necho \"SUCCESS\" > \"${SCRIPT_OUTPUT_FILE_0}\"\n";
			showEnvVarsInLog = 0;
		};
		7E9D4D8DDBE73025D2D90E79 /* [CP] Copy Pods Resources */ = {
			isa = PBXShellScriptBuildPhase;
			buildActionMask = 2147483647;
			files = (
			);
			inputPaths = (
			);
			name = "[CP] Copy Pods Resources";
			outputPaths = (
			);
			runOnlyForDeploymentPostprocessing = 0;
			shellPath = /bin/sh;
			shellScript = "\"${SRCROOT}/Pods/Target Support Files/Pods-NENSlideMenuDemoUITests/Pods-NENSlideMenuDemoUITests-resources.sh\"\n";
			showEnvVarsInLog = 0;
		};
		99DB70ABE2BBD583CC2BCF03 /* [CP] Copy Pods Resources */ = {
			isa = PBXShellScriptBuildPhase;
			buildActionMask = 2147483647;
			files = (
			);
			inputPaths = (
			);
			name = "[CP] Copy Pods Resources";
			outputPaths = (
			);
			runOnlyForDeploymentPostprocessing = 0;
			shellPath = /bin/sh;
			shellScript = "\"${SRCROOT}/Pods/Target Support Files/Pods-NENSlideMenuDemo/Pods-NENSlideMenuDemo-resources.sh\"\n";
			showEnvVarsInLog = 0;
		};
		A169789F5ED10968CD6529FE /* [CP] Embed Pods Frameworks */ = {
			isa = PBXShellScriptBuildPhase;
			buildActionMask = 2147483647;
			files = (
			);
			inputPaths = (
			);
			name = "[CP] Embed Pods Frameworks";
			outputPaths = (
			);
			runOnlyForDeploymentPostprocessing = 0;
			shellPath = /bin/sh;
			shellScript = "\"${SRCROOT}/Pods/Target Support Files/Pods-NENSlideMenuDemo/Pods-NENSlideMenuDemo-frameworks.sh\"\n";
			showEnvVarsInLog = 0;
		};
		D40DCCA66FFBB29751841695 /* [CP] Embed Pods Frameworks */ = {
			isa = PBXShellScriptBuildPhase;
			buildActionMask = 2147483647;
			files = (
			);
			inputPaths = (
			);
			name = "[CP] Embed Pods Frameworks";
			outputPaths = (
			);
			runOnlyForDeploymentPostprocessing = 0;
			shellPath = /bin/sh;
			shellScript = "\"${SRCROOT}/Pods/Target Support Files/Pods-NENSlideMenuDemoTests/Pods-NENSlideMenuDemoTests-frameworks.sh\"\n";
			showEnvVarsInLog = 0;
		};
/* End PBXShellScriptBuildPhase section */

/* Begin PBXSourcesBuildPhase section */
		7E6E04C2213E856E00276101 /* Sources */ = {
			isa = PBXSourcesBuildPhase;
			buildActionMask = 2147483647;
			files = (
				7E6E050D213E85B100276101 /* MenuViewController.m in Sources */,
				7E6E04CE213E856E00276101 /* ViewController.m in Sources */,
				7E6E04D9213E856E00276101 /* main.m in Sources */,
				7E6E04CB213E856E00276101 /* AppDelegate.m in Sources */,
				7ECDD82D2151DEB00086B3C1 /* TestViewController.m in Sources */,
			);
			runOnlyForDeploymentPostprocessing = 0;
		};
		7E6E04DA213E856F00276101 /* Sources */ = {
			isa = PBXSourcesBuildPhase;
			buildActionMask = 2147483647;
			files = (
				7E6E04E3213E856F00276101 /* NENSlideMenuDemoTests.m in Sources */,
			);
			runOnlyForDeploymentPostprocessing = 0;
		};
		7E6E04E5213E856F00276101 /* Sources */ = {
			isa = PBXSourcesBuildPhase;
			buildActionMask = 2147483647;
			files = (
				7E6E04EE213E856F00276101 /* NENSlideMenuDemoUITests.m in Sources */,
			);
			runOnlyForDeploymentPostprocessing = 0;
		};
/* End PBXSourcesBuildPhase section */

/* Begin PBXTargetDependency section */
		7E6E04E0213E856F00276101 /* PBXTargetDependency */ = {
			isa = PBXTargetDependency;
			target = 7E6E04C5213E856E00276101 /* NENSlideMenuDemo */;
			targetProxy = 7E6E04DF213E856F00276101 /* PBXContainerItemProxy */;
		};
		7E6E04EB213E856F00276101 /* PBXTargetDependency */ = {
			isa = PBXTargetDependency;
			target = 7E6E04C5213E856E00276101 /* NENSlideMenuDemo */;
			targetProxy = 7E6E04EA213E856F00276101 /* PBXContainerItemProxy */;
		};
/* End PBXTargetDependency section */

/* Begin PBXVariantGroup section */
		7E6E04CF213E856E00276101 /* Main.storyboard */ = {
			isa = PBXVariantGroup;
			children = (
				7E6E04D0213E856E00276101 /* Base */,
			);
			name = Main.storyboard;
			sourceTree = "<group>";
		};
		7E6E04D4213E856E00276101 /* LaunchScreen.storyboard */ = {
			isa = PBXVariantGroup;
			children = (
				7E6E04D5213E856E00276101 /* Base */,
			);
			name = LaunchScreen.storyboard;
			sourceTree = "<group>";
		};
/* End PBXVariantGroup section */

/* Begin XCBuildConfiguration section */
		7E6E04F0213E856F00276101 /* Debug */ = {
			isa = XCBuildConfiguration;
			buildSettings = {
				ALWAYS_SEARCH_USER_PATHS = NO;
				CLANG_ANALYZER_NONNULL = YES;
				CLANG_ANALYZER_NUMBER_OBJECT_CONVERSION = YES_AGGRESSIVE;
				CLANG_CXX_LANGUAGE_STANDARD = "gnu++14";
				CLANG_CXX_LIBRARY = "libc++";
				CLANG_ENABLE_MODULES = YES;
				CLANG_ENABLE_OBJC_ARC = YES;
				CLANG_ENABLE_OBJC_WEAK = YES;
				CLANG_WARN_BLOCK_CAPTURE_AUTORELEASING = YES;
				CLANG_WARN_BOOL_CONVERSION = YES;
				CLANG_WARN_COMMA = YES;
				CLANG_WARN_CONSTANT_CONVERSION = YES;
				CLANG_WARN_DEPRECATED_OBJC_IMPLEMENTATIONS = YES;
				CLANG_WARN_DIRECT_OBJC_ISA_USAGE = YES_ERROR;
				CLANG_WARN_DOCUMENTATION_COMMENTS = YES;
				CLANG_WARN_EMPTY_BODY = YES;
				CLANG_WARN_ENUM_CONVERSION = YES;
				CLANG_WARN_INFINITE_RECURSION = YES;
				CLANG_WARN_INT_CONVERSION = YES;
				CLANG_WARN_NON_LITERAL_NULL_CONVERSION = YES;
				CLANG_WARN_OBJC_IMPLICIT_RETAIN_SELF = YES;
				CLANG_WARN_OBJC_LITERAL_CONVERSION = YES;
				CLANG_WARN_OBJC_ROOT_CLASS = YES_ERROR;
				CLANG_WARN_RANGE_LOOP_ANALYSIS = YES;
				CLANG_WARN_STRICT_PROTOTYPES = YES;
				CLANG_WARN_SUSPICIOUS_MOVE = YES;
				CLANG_WARN_UNGUARDED_AVAILABILITY = YES_AGGRESSIVE;
				CLANG_WARN_UNREACHABLE_CODE = YES;
				CLANG_WARN__DUPLICATE_METHOD_MATCH = YES;
				CODE_SIGN_IDENTITY = "iPhone Developer";
				COPY_PHASE_STRIP = NO;
				DEBUG_INFORMATION_FORMAT = dwarf;
				ENABLE_STRICT_OBJC_MSGSEND = YES;
				ENABLE_TESTABILITY = YES;
				GCC_C_LANGUAGE_STANDARD = gnu11;
				GCC_DYNAMIC_NO_PIC = NO;
				GCC_NO_COMMON_BLOCKS = YES;
				GCC_OPTIMIZATION_LEVEL = 0;
				GCC_PREPROCESSOR_DEFINITIONS = (
					"DEBUG=1",
					"$(inherited)",
				);
				GCC_WARN_64_TO_32_BIT_CONVERSION = YES;
				GCC_WARN_ABOUT_RETURN_TYPE = YES_ERROR;
				GCC_WARN_UNDECLARED_SELECTOR = YES;
				GCC_WARN_UNINITIALIZED_AUTOS = YES_AGGRESSIVE;
				GCC_WARN_UNUSED_FUNCTION = YES;
				GCC_WARN_UNUSED_VARIABLE = YES;
				IPHONEOS_DEPLOYMENT_TARGET = 12.0;
				MTL_ENABLE_DEBUG_INFO = INCLUDE_SOURCE;
				MTL_FAST_MATH = YES;
				ONLY_ACTIVE_ARCH = YES;
				SDKROOT = iphoneos;
			};
			name = Debug;
		};
		7E6E04F1213E856F00276101 /* Release */ = {
			isa = XCBuildConfiguration;
			buildSettings = {
				ALWAYS_SEARCH_USER_PATHS = NO;
				CLANG_ANALYZER_NONNULL = YES;
				CLANG_ANALYZER_NUMBER_OBJECT_CONVERSION = YES_AGGRESSIVE;
				CLANG_CXX_LANGUAGE_STANDARD = "gnu++14";
				CLANG_CXX_LIBRARY = "libc++";
				CLANG_ENABLE_MODULES = YES;
				CLANG_ENABLE_OBJC_ARC = YES;
				CLANG_ENABLE_OBJC_WEAK = YES;
				CLANG_WARN_BLOCK_CAPTURE_AUTORELEASING = YES;
				CLANG_WARN_BOOL_CONVERSION = YES;
				CLANG_WARN_COMMA = YES;
				CLANG_WARN_CONSTANT_CONVERSION = YES;
				CLANG_WARN_DEPRECATED_OBJC_IMPLEMENTATIONS = YES;
				CLANG_WARN_DIRECT_OBJC_ISA_USAGE = YES_ERROR;
				CLANG_WARN_DOCUMENTATION_COMMENTS = YES;
				CLANG_WARN_EMPTY_BODY = YES;
				CLANG_WARN_ENUM_CONVERSION = YES;
				CLANG_WARN_INFINITE_RECURSION = YES;
				CLANG_WARN_INT_CONVERSION = YES;
				CLANG_WARN_NON_LITERAL_NULL_CONVERSION = YES;
				CLANG_WARN_OBJC_IMPLICIT_RETAIN_SELF = YES;
				CLANG_WARN_OBJC_LITERAL_CONVERSION = YES;
				CLANG_WARN_OBJC_ROOT_CLASS = YES_ERROR;
				CLANG_WARN_RANGE_LOOP_ANALYSIS = YES;
				CLANG_WARN_STRICT_PROTOTYPES = YES;
				CLANG_WARN_SUSPICIOUS_MOVE = YES;
				CLANG_WARN_UNGUARDED_AVAILABILITY = YES_AGGRESSIVE;
				CLANG_WARN_UNREACHABLE_CODE = YES;
				CLANG_WARN__DUPLICATE_METHOD_MATCH = YES;
				CODE_SIGN_IDENTITY = "iPhone Developer";
				COPY_PHASE_STRIP = NO;
				DEBUG_INFORMATION_FORMAT = "dwarf-with-dsym";
				ENABLE_NS_ASSERTIONS = NO;
				ENABLE_STRICT_OBJC_MSGSEND = YES;
				GCC_C_LANGUAGE_STANDARD = gnu11;
				GCC_NO_COMMON_BLOCKS = YES;
				GCC_WARN_64_TO_32_BIT_CONVERSION = YES;
				GCC_WARN_ABOUT_RETURN_TYPE = YES_ERROR;
				GCC_WARN_UNDECLARED_SELECTOR = YES;
				GCC_WARN_UNINITIALIZED_AUTOS = YES_AGGRESSIVE;
				GCC_WARN_UNUSED_FUNCTION = YES;
				GCC_WARN_UNUSED_VARIABLE = YES;
				IPHONEOS_DEPLOYMENT_TARGET = 12.0;
				MTL_ENABLE_DEBUG_INFO = NO;
				MTL_FAST_MATH = YES;
				SDKROOT = iphoneos;
				VALIDATE_PRODUCT = YES;
			};
			name = Release;
		};
		7E6E04F3213E856F00276101 /* Debug */ = {
			isa = XCBuildConfiguration;
			baseConfigurationReference = D3B32C20CF6016A60887B1E9 /* Pods-NENSlideMenuDemo.debug.xcconfig */;
			buildSettings = {
				ASSETCATALOG_COMPILER_APPICON_NAME = AppIcon;
				CODE_SIGN_STYLE = Automatic;
				DEVELOPMENT_TEAM = E87339Y95H;
				INFOPLIST_FILE = NENSlideMenuDemo/Info.plist;
				IPHONEOS_DEPLOYMENT_TARGET = 9.0;
				LD_RUNPATH_SEARCH_PATHS = (
					"$(inherited)",
					"@executable_path/Frameworks",
				);
				PRODUCT_BUNDLE_IDENTIFIER = "weuse-hao.NENSlideMenuDemo";
				PRODUCT_NAME = "$(TARGET_NAME)";
				TARGETED_DEVICE_FAMILY = "1,2";
			};
			name = Debug;
		};
		7E6E04F4213E856F00276101 /* Release */ = {
			isa = XCBuildConfiguration;
			baseConfigurationReference = 660736DDEBB59637D6FDE744 /* Pods-NENSlideMenuDemo.release.xcconfig */;
			buildSettings = {
				ASSETCATALOG_COMPILER_APPICON_NAME = AppIcon;
				CODE_SIGN_STYLE = Automatic;
				DEVELOPMENT_TEAM = E87339Y95H;
				INFOPLIST_FILE = NENSlideMenuDemo/Info.plist;
				IPHONEOS_DEPLOYMENT_TARGET = 9.0;
				LD_RUNPATH_SEARCH_PATHS = (
					"$(inherited)",
					"@executable_path/Frameworks",
				);
				PRODUCT_BUNDLE_IDENTIFIER = "weuse-hao.NENSlideMenuDemo";
				PRODUCT_NAME = "$(TARGET_NAME)";
				TARGETED_DEVICE_FAMILY = "1,2";
			};
			name = Release;
		};
		7E6E04F6213E856F00276101 /* Debug */ = {
			isa = XCBuildConfiguration;
			baseConfigurationReference = DCCD118DC188D8F1DD4810B4 /* Pods-NENSlideMenuDemoTests.debug.xcconfig */;
			buildSettings = {
				BUNDLE_LOADER = "$(TEST_HOST)";
				CODE_SIGN_STYLE = Automatic;
				INFOPLIST_FILE = NENSlideMenuDemoTests/Info.plist;
				LD_RUNPATH_SEARCH_PATHS = (
					"$(inherited)",
					"@executable_path/Frameworks",
					"@loader_path/Frameworks",
				);
				PRODUCT_BUNDLE_IDENTIFIER = "weuse-hao.NENSlideMenuDemoTests";
				PRODUCT_NAME = "$(TARGET_NAME)";
				TARGETED_DEVICE_FAMILY = "1,2";
				TEST_HOST = "$(BUILT_PRODUCTS_DIR)/NENSlideMenuDemo.app/NENSlideMenuDemo";
			};
			name = Debug;
		};
		7E6E04F7213E856F00276101 /* Release */ = {
			isa = XCBuildConfiguration;
			baseConfigurationReference = 0B2598FAB9DC47D23FE8BEC7 /* Pods-NENSlideMenuDemoTests.release.xcconfig */;
			buildSettings = {
				BUNDLE_LOADER = "$(TEST_HOST)";
				CODE_SIGN_STYLE = Automatic;
				INFOPLIST_FILE = NENSlideMenuDemoTests/Info.plist;
				LD_RUNPATH_SEARCH_PATHS = (
					"$(inherited)",
					"@executable_path/Frameworks",
					"@loader_path/Frameworks",
				);
				PRODUCT_BUNDLE_IDENTIFIER = "weuse-hao.NENSlideMenuDemoTests";
				PRODUCT_NAME = "$(TARGET_NAME)";
				TARGETED_DEVICE_FAMILY = "1,2";
				TEST_HOST = "$(BUILT_PRODUCTS_DIR)/NENSlideMenuDemo.app/NENSlideMenuDemo";
			};
			name = Release;
		};
		7E6E04F9213E856F00276101 /* Debug */ = {
			isa = XCBuildConfiguration;
			baseConfigurationReference = 828046A6480DBD9EB42D3B8F /* Pods-NENSlideMenuDemoUITests.debug.xcconfig */;
			buildSettings = {
				CODE_SIGN_STYLE = Automatic;
				INFOPLIST_FILE = NENSlideMenuDemoUITests/Info.plist;
				LD_RUNPATH_SEARCH_PATHS = (
					"$(inherited)",
					"@executable_path/Frameworks",
					"@loader_path/Frameworks",
				);
				PRODUCT_BUNDLE_IDENTIFIER = "weuse-hao.NENSlideMenuDemoUITests";
				PRODUCT_NAME = "$(TARGET_NAME)";
				TARGETED_DEVICE_FAMILY = "1,2";
				TEST_TARGET_NAME = NENSlideMenuDemo;
			};
			name = Debug;
		};
		7E6E04FA213E856F00276101 /* Release */ = {
			isa = XCBuildConfiguration;
			baseConfigurationReference = 6FE4302FD7EB531334C2B0A5 /* Pods-NENSlideMenuDemoUITests.release.xcconfig */;
			buildSettings = {
				CODE_SIGN_STYLE = Automatic;
				INFOPLIST_FILE = NENSlideMenuDemoUITests/Info.plist;
				LD_RUNPATH_SEARCH_PATHS = (
					"$(inherited)",
					"@executable_path/Frameworks",
					"@loader_path/Frameworks",
				);
				PRODUCT_BUNDLE_IDENTIFIER = "weuse-hao.NENSlideMenuDemoUITests";
				PRODUCT_NAME = "$(TARGET_NAME)";
				TARGETED_DEVICE_FAMILY = "1,2";
				TEST_TARGET_NAME = NENSlideMenuDemo;
			};
			name = Release;
		};
/* End XCBuildConfiguration section */

/* Begin XCConfigurationList section */
		7E6E04C1213E856E00276101 /* Build configuration list for PBXProject "NENSlideMenuDemo" */ = {
			isa = XCConfigurationList;
			buildConfigurations = (
				7E6E04F0213E856F00276101 /* Debug */,
				7E6E04F1213E856F00276101 /* Release */,
			);
			defaultConfigurationIsVisible = 0;
			defaultConfigurationName = Release;
		};
		7E6E04F2213E856F00276101 /* Build configuration list for PBXNativeTarget "NENSlideMenuDemo" */ = {
			isa = XCConfigurationList;
			buildConfigurations = (
				7E6E04F3213E856F00276101 /* Debug */,
				7E6E04F4213E856F00276101 /* Release */,
			);
			defaultConfigurationIsVisible = 0;
			defaultConfigurationName = Release;
		};
		7E6E04F5213E856F00276101 /* Build configuration list for PBXNativeTarget "NENSlideMenuDemoTests" */ = {
			isa = XCConfigurationList;
			buildConfigurations = (
				7E6E04F6213E856F00276101 /* Debug */,
				7E6E04F7213E856F00276101 /* Release */,
			);
			defaultConfigurationIsVisible = 0;
			defaultConfigurationName = Release;
		};
		7E6E04F8213E856F00276101 /* Build configuration list for PBXNativeTarget "NENSlideMenuDemoUITests" */ = {
			isa = XCConfigurationList;
			buildConfigurations = (
				7E6E04F9213E856F00276101 /* Debug */,
				7E6E04FA213E856F00276101 /* Release */,
			);
			defaultConfigurationIsVisible = 0;
			defaultConfigurationName = Release;
		};
/* End XCConfigurationList section */
	};
	rootObject = 7E6E04BE213E856E00276101 /* Project object */;
}
